// !$*UTF8*$!
{
	archiveVersion = 1;
	classes = {
	};
	objectVersion = 50;
	objects = {

/* Begin PBXBuildFile section */
		9B38053623C53E220045250E /* AppDelegate.swift in Sources */ = {isa = PBXBuildFile; fileRef = 9B38053523C53E220045250E /* AppDelegate.swift */; };
		9B38053823C53E220045250E /* SceneDelegate.swift in Sources */ = {isa = PBXBuildFile; fileRef = 9B38053723C53E220045250E /* SceneDelegate.swift */; };
		9B38053A23C53E220045250E /* ViewController.swift in Sources */ = {isa = PBXBuildFile; fileRef = 9B38053923C53E220045250E /* ViewController.swift */; };
		9B38053D23C53E220045250E /* Main.storyboard in Resources */ = {isa = PBXBuildFile; fileRef = 9B38053B23C53E220045250E /* Main.storyboard */; };
		9B38053F23C53E230045250E /* Assets.xcassets in Resources */ = {isa = PBXBuildFile; fileRef = 9B38053E23C53E230045250E /* Assets.xcassets */; };
		9B38054223C53E230045250E /* LaunchScreen.storyboard in Resources */ = {isa = PBXBuildFile; fileRef = 9B38054023C53E230045250E /* LaunchScreen.storyboard */; };
		9B38054F23C53F290045250E /* frame_1_delay-0.1s.gif in Resources */ = {isa = PBXBuildFile; fileRef = 9B38054923C53F290045250E /* frame_1_delay-0.1s.gif */; };
		9B38055023C53F290045250E /* frame_5_delay-0.1s.gif in Resources */ = {isa = PBXBuildFile; fileRef = 9B38054A23C53F290045250E /* frame_5_delay-0.1s.gif */; };
		9B38055123C53F290045250E /* frame_3_delay-0.1s.gif in Resources */ = {isa = PBXBuildFile; fileRef = 9B38054B23C53F290045250E /* frame_3_delay-0.1s.gif */; };
		9B38055223C53F290045250E /* frame_4_delay-0.1s.gif in Resources */ = {isa = PBXBuildFile; fileRef = 9B38054C23C53F290045250E /* frame_4_delay-0.1s.gif */; };
		9B38055323C53F290045250E /* frame_0_delay-0.1s.gif in Resources */ = {isa = PBXBuildFile; fileRef = 9B38054D23C53F290045250E /* frame_0_delay-0.1s.gif */; };
		9B38055423C53F290045250E /* frame_2_delay-0.1s.gif in Resources */ = {isa = PBXBuildFile; fileRef = 9B38054E23C53F290045250E /* frame_2_delay-0.1s.gif */; };
/* End PBXBuildFile section */

/* Begin PBXFileReference section */
		9B38053223C53E220045250E /* animation.app */ = {isa = PBXFileReference; explicitFileType = wrapper.application; includeInIndex = 0; path = animation.app; sourceTree = BUILT_PRODUCTS_DIR; };
		9B38053523C53E220045250E /* AppDelegate.swift */ = {isa = PBXFileReference; lastKnownFileType = sourcecode.swift; path = AppDelegate.swift; sourceTree = "<group>"; };
		9B38053723C53E220045250E /* SceneDelegate.swift */ = {isa = PBXFileReference; lastKnownFileType = sourcecode.swift; path = SceneDelegate.swift; sourceTree = "<group>"; };
		9B38053923C53E220045250E /* ViewController.swift */ = {isa = PBXFileReference; lastKnownFileType = sourcecode.swift; path = ViewController.swift; sourceTree = "<group>"; };
		9B38053C23C53E220045250E /* Base */ = {isa = PBXFileReference; lastKnownFileType = file.storyboard; name = Base; path = Base.lproj/Main.storyboard; sourceTree = "<group>"; };
		9B38053E23C53E230045250E /* Assets.xcassets */ = {isa = PBXFileReference; lastKnownFileType = folder.assetcatalog; path = Assets.xcassets; sourceTree = "<group>"; };
		9B38054123C53E230045250E /* Base */ = {isa = PBXFileReference; lastKnownFileType = file.storyboard; name = Base; path = Base.lproj/LaunchScreen.storyboard; sourceTree = "<group>"; };
		9B38054323C53E230045250E /* Info.plist */ = {isa = PBXFileReference; lastKnownFileType = text.plist.xml; path = Info.plist; sourceTree = "<group>"; };
		9B38054923C53F290045250E /* frame_1_delay-0.1s.gif */ = {isa = PBXFileReference; lastKnownFileType = image.gif; path = "frame_1_delay-0.1s.gif"; sourceTree = "<group>"; };
		9B38054A23C53F290045250E /* frame_5_delay-0.1s.gif */ = {isa = PBXFileReference; lastKnownFileType = image.gif; path = "frame_5_delay-0.1s.gif"; sourceTree = "<group>"; };
		9B38054B23C53F290045250E /* frame_3_delay-0.1s.gif */ = {isa = PBXFileReference; lastKnownFileType = image.gif; path = "frame_3_delay-0.1s.gif"; sourceTree = "<group>"; };
		9B38054C23C53F290045250E /* frame_4_delay-0.1s.gif */ = {isa = PBXFileReference; lastKnownFileType = image.gif; path = "frame_4_delay-0.1s.gif"; sourceTree = "<group>"; };
		9B38054D23C53F290045250E /* frame_0_delay-0.1s.gif */ = {isa = PBXFileReference; lastKnownFileType = image.gif; path = "frame_0_delay-0.1s.gif"; sourceTree = "<group>"; };
		9B38054E23C53F290045250E /* frame_2_delay-0.1s.gif */ = {isa = PBXFileReference; lastKnownFileType = image.gif; path = "frame_2_delay-0.1s.gif"; sourceTree = "<group>"; };
/* End PBXFileReference section */

/* Begin PBXFrameworksBuildPhase section */
		9B38052F23C53E220045250E /* Frameworks */ = {
			isa = PBXFrameworksBuildPhase;
			buildActionMask = 2147483647;
			files = (
			);
			runOnlyForDeploymentPostprocessing = 0;
		};
/* End PBXFrameworksBuildPhase section */

/* Begin PBXGroup section */
		9B38052923C53E220045250E = {
			isa = PBXGroup;
			children = (
				9B38053423C53E220045250E /* animation */,
				9B38053323C53E220045250E /* Products */,
			);
			sourceTree = "<group>";
		};
		9B38053323C53E220045250E /* Products */ = {
			isa = PBXGroup;
			children = (
				9B38053223C53E220045250E /* animation.app */,
			);
			name = Products;
			sourceTree = "<group>";
		};
		9B38053423C53E220045250E /* animation */ = {
			isa = PBXGroup;
			children = (
				9B38053523C53E220045250E /* AppDelegate.swift */,
				9B38053723C53E220045250E /* SceneDelegate.swift */,
				9B38053923C53E220045250E /* ViewController.swift */,
				9B38053B23C53E220045250E /* Main.storyboard */,
				9B38054D23C53F290045250E /* frame_0_delay-0.1s.gif */,
				9B38054923C53F290045250E /* frame_1_delay-0.1s.gif */,
				9B38054E23C53F290045250E /* frame_2_delay-0.1s.gif */,
				9B38054B23C53F290045250E /* frame_3_delay-0.1s.gif */,
				9B38054C23C53F290045250E /* frame_4_delay-0.1s.gif */,
				9B38054A23C53F290045250E /* frame_5_delay-0.1s.gif */,
				9B38053E23C53E230045250E /* Assets.xcassets */,
				9B38054023C53E230045250E /* LaunchScreen.storyboard */,
				9B38054323C53E230045250E /* Info.plist */,
			);
			path = animation;
			sourceTree = "<group>";
		};
/* End PBXGroup section */

/* Begin PBXNativeTarget section */
		9B38053123C53E220045250E /* animation */ = {
			isa = PBXNativeTarget;
			buildConfigurationList = 9B38054623C53E230045250E /* Build configuration list for PBXNativeTarget "animation" */;
			buildPhases = (
				9B38052E23C53E220045250E /* Sources */,
				9B38052F23C53E220045250E /* Frameworks */,
				9B38053023C53E220045250E /* Resources */,
			);
			buildRules = (
			);
			dependencies = (
			);
			name = animation;
			productName = animation;
			productReference = 9B38053223C53E220045250E /* animation.app */;
			productType = "com.apple.product-type.application";
		};
/* End PBXNativeTarget section */

/* Begin PBXProject section */
		9B38052A23C53E220045250E /* Project object */ = {
			isa = PBXProject;
			attributes = {
				LastSwiftUpdateCheck = 1130;
				LastUpgradeCheck = 1130;
				ORGANIZATIONNAME = MacStudent;
				TargetAttributes = {
					9B38053123C53E220045250E = {
						CreatedOnToolsVersion = 11.3;
					};
				};
			};
			buildConfigurationList = 9B38052D23C53E220045250E /* Build configuration list for PBXProject "animation" */;
			compatibilityVersion = "Xcode 9.3";
			developmentRegion = en;
			hasScannedForEncodings = 0;
			knownRegions = (
				en,
				Base,
			);
			mainGroup = 9B38052923C53E220045250E;
			productRefGroup = 9B38053323C53E220045250E /* Products */;
			projectDirPath = "";
			projectRoot = "";
			targets = (
				9B38053123C53E220045250E /* animation */,
			);
		};
/* End PBXProject section */

/* Begin PBXResourcesBuildPhase section */
		9B38053023C53E220045250E /* Resources */ = {
			isa = PBXResourcesBuildPhase;
			buildActionMask = 2147483647;
			files = (
				9B38055423C53F290045250E /* frame_2_delay-0.1s.gif in Resources */,
				9B38054223C53E230045250E /* LaunchScreen.storyboard in Resources */,
				9B38055323C53F290045250E /* frame_0_delay-0.1s.gif in Resources */,
				9B38055223C53F290045250E /* frame_4_delay-0.1s.gif in Resources */,
				9B38053F23C53E230045250E /* Assets.xcassets in Resources */,
				9B38055123C53F290045250E /* frame_3_delay-0.1s.gif in Resources */,
				9B38054F23C53F290045250E /* frame_1_delay-0.1s.gif in Resources */,
				9B38055023C53F290045250E /* frame_5_delay-0.1s.gif in Resources */,
				9B38053D23C53E220045250E /* Main.storyboard in Resources */,
			);
			runOnlyForDeploymentPostprocessing = 0;
		};
/* End PBXResourcesBuildPhase section */

/* Begin PBXSourcesBuildPhase section */
		9B38052E23C53E220045250E /* Sources */ = {
			isa = PBXSourcesBuildPhase;
			buildActionMask = 2147483647;
			files = (
				9B38053A23C53E220045250E /* ViewController.swift in Sources */,
				9B38053623C53E220045250E /* AppDelegate.swift in Sources */,
				9B38053823C53E220045250E /* SceneDelegate.swift in Sources */,
			);
			runOnlyForDeploymentPostprocessing = 0;
		};
/* End PBXSourcesBuildPhase section */

/* Begin PBXVariantGroup section */
		9B38053B23C53E220045250E /* Main.storyboard */ = {
			isa = PBXVariantGroup;
			children = (
				9B38053C23C53E220045250E /* Base */,
			);
			name = Main.storyboard;
			sourceTree = "<group>";
		};
		9B38054023C53E230045250E /* LaunchScreen.storyboard */ = {
			isa = PBXVariantGroup;
			children = (
				9B38054123C53E230045250E /* Base */,
			);
			name = LaunchScreen.storyboard;
			sourceTree = "<group>";
		};
/* End PBXVariantGroup section */

/* Begin XCBuildConfiguration section */
		9B38054423C53E230045250E /* Debug */ = {
			isa = XCBuildConfiguration;
			buildSettings = {
				ALWAYS_SEARCH_USER_PATHS = NO;
				CLANG_ANALYZER_NONNULL = YES;
				CLANG_ANALYZER_NUMBER_OBJECT_CONVERSION = YES_AGGRESSIVE;
				CLANG_CXX_LANGUAGE_STANDARD = "gnu++14";
				CLANG_CXX_LIBRARY = "libc++";
				CLANG_ENABLE_MODULES = YES;
				CLANG_ENABLE_OBJC_ARC = YES;
				CLANG_ENABLE_OBJC_WEAK = YES;
				CLANG_WARN_BLOCK_CAPTURE_AUTORELEASING = YES;
				CLANG_WARN_BOOL_CONVERSION = YES;
				CLANG_WARN_COMMA = YES;
				CLANG_WARN_CONSTANT_CONVERSION = YES;
				CLANG_WARN_DEPRECATED_OBJC_IMPLEMENTATIONS = YES;
				CLANG_WARN_DIRECT_OBJC_ISA_USAGE = YES_ERROR;
				CLANG_WARN_DOCUMENTATION_COMMENTS = YES;
				CLANG_WARN_EMPTY_BODY = YES;
				CLANG_WARN_ENUM_CONVERSION = YES;
				CLANG_WARN_INFINITE_RECURSION = YES;
				CLANG_WARN_INT_CONVERSION = YES;
				CLANG_WARN_NON_LITERAL_NULL_CONVERSION = YES;
				CLANG_WARN_OBJC_IMPLICIT_RETAIN_SELF = YES;
				CLANG_WARN_OBJC_LITERAL_CONVERSION = YES;
				CLANG_WARN_OBJC_ROOT_CLASS = YES_ERROR;
				CLANG_WARN_RANGE_LOOP_ANALYSIS = YES;
				CLANG_WARN_STRICT_PROTOTYPES = YES;
				CLANG_WARN_SUSPICIOUS_MOVE = YES;
				CLANG_WARN_UNGUARDED_AVAILABILITY = YES_AGGRESSIVE;
				CLANG_WARN_UNREACHABLE_CODE = YES;
				CLANG_WARN__DUPLICATE_METHOD_MATCH = YES;
				COPY_PHASE_STRIP = NO;
				DEBUG_INFORMATION_FORMAT = dwarf;
				ENABLE_STRICT_OBJC_MSGSEND = YES;
				ENABLE_TESTABILITY = YES;
				GCC_C_LANGUAGE_STANDARD = gnu11;
				GCC_DYNAMIC_NO_PIC = NO;
				GCC_NO_COMMON_BLOCKS = YES;
				GCC_OPTIMIZATION_LEVEL = 0;
				GCC_PREPROCESSOR_DEFINITIONS = (
					"DEBUG=1",
					"$(inherited)",
				);
				GCC_WARN_64_TO_32_BIT_CONVERSION = YES;
				GCC_WARN_ABOUT_RETURN_TYPE = YES_ERROR;
				GCC_WARN_UNDECLARED_SELECTOR = YES;
				GCC_WARN_UNINITIALIZED_AUTOS = YES_AGGRESSIVE;
				GCC_WARN_UNUSED_FUNCTION = YES;
				GCC_WARN_UNUSED_VARIABLE = YES;
				IPHONEOS_DEPLOYMENT_TARGET = 13.2;
				MTL_ENABLE_DEBUG_INFO = INCLUDE_SOURCE;
				MTL_FAST_MATH = YES;
				ONLY_ACTIVE_ARCH = YES;
				SDKROOT = iphoneos;
				SWIFT_ACTIVE_COMPILATION_CONDITIONS = DEBUG;
				SWIFT_OPTIMIZATION_LEVEL = "-Onone";
			};
			name = Debug;
		};
		9B38054523C53E230045250E /* Release */ = {
			isa = XCBuildConfiguration;
			buildSettings = {
				ALWAYS_SEARCH_USER_PATHS = NO;
				CLANG_ANALYZER_NONNULL = YES;
				CLANG_ANALYZER_NUMBER_OBJECT_CONVERSION = YES_AGGRESSIVE;
				CLANG_CXX_LANGUAGE_STANDARD = "gnu++14";
				CLANG_CXX_LIBRARY = "libc++";
				CLANG_ENABLE_MODULES = YES;
				CLANG_ENABLE_OBJC_ARC = YES;
				CLANG_ENABLE_OBJC_WEAK = YES;
				CLANG_WARN_BLOCK_CAPTURE_AUTORELEASING = YES;
				CLANG_WARN_BOOL_CONVERSION = YES;
				CLANG_WARN_COMMA = YES;
				CLANG_WARN_CONSTANT_CONVERSION = YES;
				CLANG_WARN_DEPRECATED_OBJC_IMPLEMENTATIONS = YES;
				CLANG_WARN_DIRECT_OBJC_ISA_USAGE = YES_ERROR;
				CLANG_WARN_DOCUMENTATION_COMMENTS = YES;
				CLANG_WARN_EMPTY_BODY = YES;
				CLANG_WARN_ENUM_CONVERSION = YES;
				CLANG_WARN_INFINITE_RECURSION = YES;
				CLANG_WARN_INT_CONVERSION = YES;
				CLANG_WARN_NON_LITERAL_NULL_CONVERSION = YES;
				CLANG_WARN_OBJC_IMPLICIT_RETAIN_SELF = YES;
				CLANG_WARN_OBJC_LITERAL_CONVERSION = YES;
				CLANG_WARN_OBJC_ROOT_CLASS = YES_ERROR;
				CLANG_WARN_RANGE_LOOP_ANALYSIS = YES;
				CLANG_WARN_STRICT_PROTOTYPES = YES;
				CLANG_WARN_SUSPICIOUS_MOVE = YES;
				CLANG_WARN_UNGUARDED_AVAILABILITY = YES_AGGRESSIVE;
				CLANG_WARN_UNREACHABLE_CODE = YES;
				CLANG_WARN__DUPLICATE_METHOD_MATCH = YES;
				COPY_PHASE_STRIP = NO;
				DEBUG_INFORMATION_FORMAT = "dwarf-with-dsym";
				ENABLE_NS_ASSERTIONS = NO;
				ENABLE_STRICT_OBJC_MSGSEND = YES;
				GCC_C_LANGUAGE_STANDARD = gnu11;
				GCC_NO_COMMON_BLOCKS = YES;
				GCC_WARN_64_TO_32_BIT_CONVERSION = YES;
				GCC_WARN_ABOUT_RETURN_TYPE = YES_ERROR;
				GCC_WARN_UNDECLARED_SELECTOR = YES;
				GCC_WARN_UNINITIALIZED_AUTOS = YES_AGGRESSIVE;
				GCC_WARN_UNUSED_FUNCTION = YES;
				GCC_WARN_UNUSED_VARIABLE = YES;
				IPHONEOS_DEPLOYMENT_TARGET = 13.2;
				MTL_ENABLE_DEBUG_INFO = NO;
				MTL_FAST_MATH = YES;
				SDKROOT = iphoneos;
				SWIFT_COMPILATION_MODE = wholemodule;
				SWIFT_OPTIMIZATION_LEVEL = "-O";
				VALIDATE_PRODUCT = YES;
			};
			name = Release;
		};
		9B38054723C53E230045250E /* Debug */ = {
			isa = XCBuildConfiguration;
			buildSettings = {
				ASSETCATALOG_COMPILER_APPICON_NAME = AppIcon;
				CODE_SIGN_STYLE = Automatic;
				INFOPLIST_FILE = animation/Info.plist;
				LD_RUNPATH_SEARCH_PATHS = (
					"$(inherited)",
					"@executable_path/Frameworks",
				);
				PRODUCT_BUNDLE_IDENTIFIER = CestarCollege.animation;
				PRODUCT_NAME = "$(TARGET_NAME)";
				SWIFT_VERSION = 5.0;
				TARGETED_DEVICE_FAMILY = "1,2";
			};
			name = Debug;
		};
		9B38054823C53E230045250E /* Release */ = {
			isa = XCBuildConfiguration;
			buildSettings = {
				ASSETCATALOG_COMPILER_APPICON_NAME = AppIcon;
				CODE_SIGN_STYLE = Automatic;
				INFOPLIST_FILE = animation/Info.plist;
				LD_RUNPATH_SEARCH_PATHS = (
					"$(inherited)",
					"@executable_path/Frameworks",
				);
				PRODUCT_BUNDLE_IDENTIFIER = CestarCollege.animation;
				PRODUCT_NAME = "$(TARGET_NAME)";
				SWIFT_VERSION = 5.0;
				TARGETED_DEVICE_FAMILY = "1,2";
			};
			name = Release;
		};
/* End XCBuildConfiguration section */

/* Begin XCConfigurationList section */
		9B38052D23C53E220045250E /* Build configuration list for PBXProject "animation" */ = {
			isa = XCConfigurationList;
			buildConfigurations = (
				9B38054423C53E230045250E /* Debug */,
				9B38054523C53E230045250E /* Release */,
			);
			defaultConfigurationIsVisible = 0;
			defaultConfigurationName = Release;
		};
		9B38054623C53E230045250E /* Build configuration list for PBXNativeTarget "animation" */ = {
			isa = XCConfigurationList;
			buildConfigurations = (
				9B38054723C53E230045250E /* Debug */,
				9B38054823C53E230045250E /* Release */,
			);
			defaultConfigurationIsVisible = 0;
			defaultConfigurationName = Release;
		};
/* End XCConfigurationList section */
	};
	rootObject = 9B38052A23C53E220045250E /* Project object */;
}
